
Microsoft Visual Studio Solution File, Format Version 12.00
# Visual Studio Version 17
VisualStudioVersion = 17.9.34321.82
MinimumVisualStudioVersion = 10.0.40219.1
Project("{FAE04EC0-301F-11D3-BF4B-00C04F79EFBC}") = "MP", "MP\MP.csproj", "{10A36E9D-F429-47AF-9AC5-BCDF73CBFC52}"
EndProject
Global
	GlobalSection(SolutionConfigurationPlatforms) = preSolution
		Debug|Any CPU = Debug|Any CPU
		Release|Any CPU = Release|Any CPU
	EndGlobalSection
	GlobalSection(ProjectConfigurationPlatforms) = postSolution
		{10A36E9D-F429-47AF-9AC5-BCDF73CBFC52}.Debug|Any CPU.ActiveCfg = Debug|Any CPU
		{10A36E9D-F429-47AF-9AC5-BCDF73CBFC52}.Debug|Any CPU.Build.0 = Debug|Any CPU
		{10A36E9D-F429-47AF-9AC5-BCDF73CBFC52}.Release|Any CPU.ActiveCfg = Release|Any CPU
		{10A36E9D-F429-47AF-9AC5-BCDF73CBFC52}.Release|Any CPU.Build.0 = Release|Any CPU
	EndGlobalSection
	GlobalSection(SolutionProperties) = preSolution
		HideSolutionNode = FALSE
	EndGlobalSection
	GlobalSection(ExtensibilityGlobals) = postSolution
		SolutionGuid = {52945C59-D8CC-4265-8BA6-00CAC6863970}
	EndGlobalSection
EndGlobal
